<?xml version="1.0" encoding="utf-8"?>
<Project ToolsVersion="4.0" xmlns="http://schemas.microsoft.com/developer/msbuild/2003">
  <ItemGroup>
    <Filter Include="Detours">
      <UniqueIdentifier>{b68abb7b-c176-4e3f-a13d-7a27a64b8a80}</UniqueIdentifier>
    </Filter>
    <Filter Include="distorm">
      <UniqueIdentifier>{6e015819-2329-4867-b060-3d360dff55f8}</UniqueIdentifier>
    </Filter>
    <Filter Include="src">
      <UniqueIdentifier>{4FC737F1-C7A5-4376-A066-2A32D752A2FF}</UniqueIdentifier>
      <Extensions>cpp;c;cc;cxx;def;odl;idl;hpj;bat;asm;asmx</Extensions>
    </Filter>
    <Filter Include="src\Patches">
      <UniqueIdentifier>{d2111da8-25a8-42c3-9c65-ec3a38c00f8f}</UniqueIdentifier>
    </Filter>
    <Filter Include="src\RTW">
      <UniqueIdentifier>{07a3f701-bed9-45b1-86d0-7ce4aa90d22d}</UniqueIdentifier>
    </Filter>
  </ItemGroup>
  <ItemGroup>
    <ClCompile Include="DllMain.cpp">
      <Filter>src</Filter>
    </ClCompile>
    <ClCompile Include="GameEngine.cpp">
      <Filter>src</Filter>
    </ClCompile>
    <ClCompile Include="RomePatcher.cpp">
      <Filter>src</Filter>
    </ClCompile>
    <ClCompile Include="Detours\creatwth.cpp">
      <Filter>Detours</Filter>
    </ClCompile>
    <ClCompile Include="Detours\detours.cpp">
      <Filter>Detours</Filter>
    </ClCompile>
    <ClCompile Include="Detours\disasm.cpp">
      <Filter>Detours</Filter>
    </ClCompile>
    <ClCompile Include="Detours\image.cpp">
      <Filter>Detours</Filter>
    </ClCompile>
    <ClCompile Include="Detours\modules.cpp">
      <Filter>Detours</Filter>
    </ClCompile>
    <ClCompile Include="ASM.cpp">
      <Filter>src</Filter>
    </ClCompile>
    <ClCompile Include="distorm\decoder.c">
      <Filter>distorm</Filter>
    </ClCompile>
    <ClCompile Include="distorm\distorm.c">
      <Filter>distorm</Filter>
    </ClCompile>
    <ClCompile Include="distorm\instructions.c">
      <Filter>distorm</Filter>
    </ClCompile>
    <ClCompile Include="distorm\insts.c">
      <Filter>distorm</Filter>
    </ClCompile>
    <ClCompile Include="distorm\mnemonics.c">
      <Filter>distorm</Filter>
    </ClCompile>
    <ClCompile Include="distorm\operands.c">
      <Filter>distorm</Filter>
    </ClCompile>
    <ClCompile Include="distorm\prefix.c">
      <Filter>distorm</Filter>
    </ClCompile>
    <ClCompile Include="distorm\textdefs.c">
      <Filter>distorm</Filter>
    </ClCompile>
    <ClCompile Include="distorm\wstring.c">
      <Filter>distorm</Filter>
    </ClCompile>
    <ClCompile Include="RTW\RomeAPI.cpp">
      <Filter>src\RTW</Filter>
    </ClCompile>
    <ClCompile Include="Patches\ExtendRegionsLimit.cpp">
      <Filter>src\Patches</Filter>
    </ClCompile>
  </ItemGroup>
  <ItemGroup>
    <ClInclude Include="GameEngine.h">
      <Filter>src</Filter>
    </ClInclude>
    <ClInclude Include="RomePatcher.h">
      <Filter>src</Filter>
    </ClInclude>
    <ClInclude Include="Detours\detours.h">
      <Filter>Detours</Filter>
    </ClInclude>
    <ClInclude Include="Detours\detver.h">
      <Filter>Detours</Filter>
    </ClInclude>
    <ClInclude Include="ASM.h">
      <Filter>src</Filter>
    </ClInclude>
    <ClInclude Include="distorm\config.h">
      <Filter>distorm</Filter>
    </ClInclude>
    <ClInclude Include="distorm\decoder.h">
      <Filter>distorm</Filter>
    </ClInclude>
    <ClInclude Include="distorm\distorm.h">
      <Filter>distorm</Filter>
    </ClInclude>
    <ClInclude Include="distorm\instructions.h">
      <Filter>distorm</Filter>
    </ClInclude>
    <ClInclude Include="distorm\insts.h">
      <Filter>distorm</Filter>
    </ClInclude>
    <ClInclude Include="distorm\mnemonics.h">
      <Filter>distorm</Filter>
    </ClInclude>
    <ClInclude Include="distorm\operands.h">
      <Filter>distorm</Filter>
    </ClInclude>
    <ClInclude Include="distorm\prefix.h">
      <Filter>distorm</Filter>
    </ClInclude>
    <ClInclude Include="distorm\textdefs.h">
      <Filter>distorm</Filter>
    </ClInclude>
    <ClInclude Include="distorm\wstring.h">
      <Filter>distorm</Filter>
    </ClInclude>
    <ClInclude Include="distorm\x86defs.h">
      <Filter>distorm</Filter>
    </ClInclude>
    <ClInclude Include="Patches\PatchUtils.h">
      <Filter>src\Patches</Filter>
    </ClInclude>
    <ClInclude Include="Patches\EnableSchiltrom.h">
      <Filter>src\Patches</Filter>
    </ClInclude>
    <ClInclude Include="Patches\EnableUnitCanSwim.h">
      <Filter>src\Patches</Filter>
    </ClInclude>
    <ClInclude Include="Patches\EnableBiggerUnitSize.h">
      <Filter>src\Patches</Filter>
    </ClInclude>
    <ClInclude Include="Patches\EnableUnitCanHorde.h">
      <Filter>src\Patches</Filter>
    </ClInclude>
    <ClInclude Include="RTW\RtwTypes.h">
      <Filter>src\RTW</Filter>
    </ClInclude>
    <ClInclude Include="RTW\RomeAPI.h">
      <Filter>src\RTW</Filter>
    </ClInclude>
    <ClInclude Include="Patches\EnableExtendedCamera.h">
      <Filter>src\Patches</Filter>
    </ClInclude>
    <ClInclude Include="Patches\EnableModdedSkyClouds.h">
      <Filter>src\Patches</Filter>
    </ClInclude>
    <ClInclude Include="Patches\ExtendRegionsLimit.h">
      <Filter>src\Patches</Filter>
    </ClInclude>
    <ClInclude Include="GameEngineDllParams.h">
      <Filter>src</Filter>
    </ClInclude>
  </ItemGroup>
</Project>